{
    "name": "claude-for-phcode",
    "version": "2.5.8",
    "lockfileVersion": 3,
    "requires": true,
    "packages": {
        "": {
            "name": "claude-for-phcode",
            "version": "2.5.8",
            "license": "MIT",
            "engines": {
                "brackets": ">=3.0.0"
            }
        }
    }
}
